
Microsoft Visual Studio Solution File, Format Version 12.00
# Visual Studio 14
VisualStudioVersion = 14.0.25420.1
MinimumVisualStudioVersion = 10.0.40219.1
Project("{FAE04EC0-301F-11D3-BF4B-00C04F79EFBC}") = "ThreeDimentionalShapes", "ThreeDimentionalShapes\ThreeDimentionalShapes.csproj", "{BBB25A27-B797-4A9D-8E41-5A1BC7958641}"
EndProject
Global
	GlobalSection(SolutionConfigurationPlatforms) = preSolution
		Debug|Any CPU = Debug|Any CPU
		Release|Any CPU = Release|Any CPU
	EndGlobalSection
	GlobalSection(ProjectConfigurationPlatforms) = postSolution
		{BBB25A27-B797-4A9D-8E41-5A1BC7958641}.Debug|Any CPU.ActiveCfg = Debug|Any CPU
		{BBB25A27-B797-4A9D-8E41-5A1BC7958641}.Debug|Any CPU.Build.0 = Debug|Any CPU
		{BBB25A27-B797-4A9D-8E41-5A1BC7958641}.Release|Any CPU.ActiveCfg = Release|Any CPU
		{BBB25A27-B797-4A9D-8E41-5A1BC7958641}.Release|Any CPU.Build.0 = Release|Any CPU
	EndGlobalSection
	GlobalSection(SolutionProperties) = preSolution
		HideSolutionNode = FALSE
	EndGlobalSection
EndGlobal
